{
  "name": "Node.js",
  "lockfileVersion": 2,
  "requires": true,
  "packages": {
    "": {
      "dependencies": {
        "ini": "^3.0.0"
      }
    },
    "node_modules/ini": {
      "version": "3.0.0",
      "resolved": "https://registry.npmjs.org/ini/-/ini-3.0.0.tgz",
      "integrity": "sha512-TxYQaeNW/N8ymDvwAxPyRbhMBtnEwuvaTYpOQkFx1nSeusgezHniEc/l35Vo4iCq/mMiTJbpD7oYxN98hFlfmw==",
      "engines": {
        "node": "^12.13.0 || ^14.15.0 || >=16.0.0"
      }
    }
  },
  "dependencies": {
    "ini": {
      "version": "3.0.0",
      "resolved": "https://registry.npmjs.org/ini/-/ini-3.0.0.tgz",
      "integrity": "sha512-TxYQaeNW/N8ymDvwAxPyRbhMBtnEwuvaTYpOQkFx1nSeusgezHniEc/l35Vo4iCq/mMiTJbpD7oYxN98hFlfmw=="
    }
  }
}
